
Microsoft Visual Studio Solution File, Format Version 12.00
# Visual Studio Version 17
VisualStudioVersion = 17.8.34309.116
MinimumVisualStudioVersion = 10.0.40219.1
Project("{FAE04EC0-301F-11D3-BF4B-00C04F79EFBC}") = "Class_6", "Class_6\Class_6.csproj", "{4DF135ED-CC63-48B1-9124-38E4A3DD60EE}"
EndProject
Global
	GlobalSection(SolutionConfigurationPlatforms) = preSolution
		Debug|Any CPU = Debug|Any CPU
		Release|Any CPU = Release|Any CPU
	EndGlobalSection
	GlobalSection(ProjectConfigurationPlatforms) = postSolution
		{4DF135ED-CC63-48B1-9124-38E4A3DD60EE}.Debug|Any CPU.ActiveCfg = Debug|Any CPU
		{4DF135ED-CC63-48B1-9124-38E4A3DD60EE}.Debug|Any CPU.Build.0 = Debug|Any CPU
		{4DF135ED-CC63-48B1-9124-38E4A3DD60EE}.Release|Any CPU.ActiveCfg = Release|Any CPU
		{4DF135ED-CC63-48B1-9124-38E4A3DD60EE}.Release|Any CPU.Build.0 = Release|Any CPU
	EndGlobalSection
	GlobalSection(SolutionProperties) = preSolution
		HideSolutionNode = FALSE
	EndGlobalSection
	GlobalSection(ExtensibilityGlobals) = postSolution
		SolutionGuid = {AE8D758D-8B43-43F9-9D83-A4461F258BA3}
	EndGlobalSection
EndGlobal
